
Microsoft Visual Studio Solution File, Format Version 12.00
# Visual Studio Version 16
VisualStudioVersion = 16.0.31727.386
MinimumVisualStudioVersion = 10.0.40219.1
Project("{FAE04EC0-301F-11D3-BF4B-00C04F79EFBC}") = "J2", "J2\J2.csproj", "{CCF911E6-D859-4479-9818-DDE4207F915B}"
EndProject
Project("{FAE04EC0-301F-11D3-BF4B-00C04F79EFBC}") = "J1", "J1\J1.csproj", "{2208FBD5-412E-4247-ABBF-618A868A3345}"
EndProject
Global
	GlobalSection(SolutionConfigurationPlatforms) = preSolution
		Debug|Any CPU = Debug|Any CPU
		Release|Any CPU = Release|Any CPU
	EndGlobalSection
	GlobalSection(ProjectConfigurationPlatforms) = postSolution
		{CCF911E6-D859-4479-9818-DDE4207F915B}.Debug|Any CPU.ActiveCfg = Debug|Any CPU
		{CCF911E6-D859-4479-9818-DDE4207F915B}.Debug|Any CPU.Build.0 = Debug|Any CPU
		{CCF911E6-D859-4479-9818-DDE4207F915B}.Release|Any CPU.ActiveCfg = Release|Any CPU
		{CCF911E6-D859-4479-9818-DDE4207F915B}.Release|Any CPU.Build.0 = Release|Any CPU
		{2208FBD5-412E-4247-ABBF-618A868A3345}.Debug|Any CPU.ActiveCfg = Debug|Any CPU
		{2208FBD5-412E-4247-ABBF-618A868A3345}.Debug|Any CPU.Build.0 = Debug|Any CPU
		{2208FBD5-412E-4247-ABBF-618A868A3345}.Release|Any CPU.ActiveCfg = Release|Any CPU
		{2208FBD5-412E-4247-ABBF-618A868A3345}.Release|Any CPU.Build.0 = Release|Any CPU
	EndGlobalSection
	GlobalSection(SolutionProperties) = preSolution
		HideSolutionNode = FALSE
	EndGlobalSection
	GlobalSection(ExtensibilityGlobals) = postSolution
		SolutionGuid = {7A659C0C-E9BE-4C45-B656-6EC669C12798}
	EndGlobalSection
EndGlobal
